
Microsoft Visual Studio Solution File, Format Version 12.00
# Visual Studio Version 17
VisualStudioVersion = 17.3.32901.215
MinimumVisualStudioVersion = 10.0.40219.1
Project("{8BC9CEB8-8B4A-11D0-8D11-00A0C91BC942}") = "laba_2", "laba_2\laba_2.vcxproj", "{A24B621B-3902-4DB8-8CAA-2B3CE40C4875}"
EndProject
Global
	GlobalSection(SolutionConfigurationPlatforms) = preSolution
		Debug|x64 = Debug|x64
		Debug|x86 = Debug|x86
		Release|x64 = Release|x64
		Release|x86 = Release|x86
	EndGlobalSection
	GlobalSection(ProjectConfigurationPlatforms) = postSolution
		{A24B621B-3902-4DB8-8CAA-2B3CE40C4875}.Debug|x64.ActiveCfg = Debug|x64
		{A24B621B-3902-4DB8-8CAA-2B3CE40C4875}.Debug|x64.Build.0 = Debug|x64
		{A24B621B-3902-4DB8-8CAA-2B3CE40C4875}.Debug|x86.ActiveCfg = Debug|Win32
		{A24B621B-3902-4DB8-8CAA-2B3CE40C4875}.Debug|x86.Build.0 = Debug|Win32
		{A24B621B-3902-4DB8-8CAA-2B3CE40C4875}.Release|x64.ActiveCfg = Release|x64
		{A24B621B-3902-4DB8-8CAA-2B3CE40C4875}.Release|x64.Build.0 = Release|x64
		{A24B621B-3902-4DB8-8CAA-2B3CE40C4875}.Release|x86.ActiveCfg = Release|Win32
		{A24B621B-3902-4DB8-8CAA-2B3CE40C4875}.Release|x86.Build.0 = Release|Win32
	EndGlobalSection
	GlobalSection(SolutionProperties) = preSolution
		HideSolutionNode = FALSE
	EndGlobalSection
	GlobalSection(ExtensibilityGlobals) = postSolution
		SolutionGuid = {1955ED08-DBB3-478D-B150-538C742F5A23}
	EndGlobalSection
EndGlobal
